
Microsoft Visual Studio Solution File, Format Version 12.00
# Visual Studio Version 17
VisualStudioVersion = 17.10.35004.147
MinimumVisualStudioVersion = 10.0.40219.1
Project("{2150E333-8FDC-42A3-9474-1A3956D46DE8}") = "src", "src", "{F9AD8DDC-81F6-4676-847C-36C0D49C2E59}"
EndProject
Project("{2150E333-8FDC-42A3-9474-1A3956D46DE8}") = "communication", "communication", "{EEBDD81C-6FED-45DC-84A7-2A1CF00C4620}"
EndProject
Project("{9A19103F-16F7-4668-BE54-9A1E7A4F7556}") = "CommunicationAPI", "src\communication\CommunicationAPI\CommunicationAPI.csproj", "{1D68ACF0-7BC6-4D5A-892B-E49AC1D5DDE6}"
EndProject
Project("{9A19103F-16F7-4668-BE54-9A1E7A4F7556}") = "Core", "src\Core\Core.csproj", "{82055685-B78A-45BA-89E8-878760EF798D}"
EndProject
Project("{9A19103F-16F7-4668-BE54-9A1E7A4F7556}") = "Business", "src\Business\Business.csproj", "{BBFE288B-0316-48DD-9432-7DFF535A885D}"
EndProject
Project("{FAE04EC0-301F-11D3-BF4B-00C04F79EFBC}") = "DTOs", "src\DTOs\DTOs.csproj", "{18C9FB2B-7660-4C6D-B7AE-7894DCA479FA}"
EndProject
Global
	GlobalSection(SolutionConfigurationPlatforms) = preSolution
		Debug|Any CPU = Debug|Any CPU
		Release|Any CPU = Release|Any CPU
	EndGlobalSection
	GlobalSection(ProjectConfigurationPlatforms) = postSolution
		{1D68ACF0-7BC6-4D5A-892B-E49AC1D5DDE6}.Debug|Any CPU.ActiveCfg = Debug|Any CPU
		{1D68ACF0-7BC6-4D5A-892B-E49AC1D5DDE6}.Debug|Any CPU.Build.0 = Debug|Any CPU
		{1D68ACF0-7BC6-4D5A-892B-E49AC1D5DDE6}.Release|Any CPU.ActiveCfg = Release|Any CPU
		{1D68ACF0-7BC6-4D5A-892B-E49AC1D5DDE6}.Release|Any CPU.Build.0 = Release|Any CPU
		{82055685-B78A-45BA-89E8-878760EF798D}.Debug|Any CPU.ActiveCfg = Debug|Any CPU
		{82055685-B78A-45BA-89E8-878760EF798D}.Debug|Any CPU.Build.0 = Debug|Any CPU
		{82055685-B78A-45BA-89E8-878760EF798D}.Release|Any CPU.ActiveCfg = Release|Any CPU
		{82055685-B78A-45BA-89E8-878760EF798D}.Release|Any CPU.Build.0 = Release|Any CPU
		{BBFE288B-0316-48DD-9432-7DFF535A885D}.Debug|Any CPU.ActiveCfg = Debug|Any CPU
		{BBFE288B-0316-48DD-9432-7DFF535A885D}.Debug|Any CPU.Build.0 = Debug|Any CPU
		{BBFE288B-0316-48DD-9432-7DFF535A885D}.Release|Any CPU.ActiveCfg = Release|Any CPU
		{BBFE288B-0316-48DD-9432-7DFF535A885D}.Release|Any CPU.Build.0 = Release|Any CPU
		{18C9FB2B-7660-4C6D-B7AE-7894DCA479FA}.Debug|Any CPU.ActiveCfg = Debug|Any CPU
		{18C9FB2B-7660-4C6D-B7AE-7894DCA479FA}.Debug|Any CPU.Build.0 = Debug|Any CPU
		{18C9FB2B-7660-4C6D-B7AE-7894DCA479FA}.Release|Any CPU.ActiveCfg = Release|Any CPU
		{18C9FB2B-7660-4C6D-B7AE-7894DCA479FA}.Release|Any CPU.Build.0 = Release|Any CPU
	EndGlobalSection
	GlobalSection(SolutionProperties) = preSolution
		HideSolutionNode = FALSE
	EndGlobalSection
	GlobalSection(NestedProjects) = preSolution
		{EEBDD81C-6FED-45DC-84A7-2A1CF00C4620} = {F9AD8DDC-81F6-4676-847C-36C0D49C2E59}
		{1D68ACF0-7BC6-4D5A-892B-E49AC1D5DDE6} = {EEBDD81C-6FED-45DC-84A7-2A1CF00C4620}
		{82055685-B78A-45BA-89E8-878760EF798D} = {F9AD8DDC-81F6-4676-847C-36C0D49C2E59}
		{BBFE288B-0316-48DD-9432-7DFF535A885D} = {F9AD8DDC-81F6-4676-847C-36C0D49C2E59}
		{18C9FB2B-7660-4C6D-B7AE-7894DCA479FA} = {F9AD8DDC-81F6-4676-847C-36C0D49C2E59}
	EndGlobalSection
	GlobalSection(ExtensibilityGlobals) = postSolution
		SolutionGuid = {CBD34221-BFD2-47A1-BA5B-63F2A8CC9F1F}
	EndGlobalSection
EndGlobal
