
Microsoft Visual Studio Solution File, Format Version 12.00
# Visual Studio Version 17
VisualStudioVersion = 17.10.35004.147
MinimumVisualStudioVersion = 10.0.40219.1
Project("{2150E333-8FDC-42A3-9474-1A3956D46DE8}") = "src", "src", "{F9AD8DDC-81F6-4676-847C-36C0D49C2E59}"
EndProject
Project("{2150E333-8FDC-42A3-9474-1A3956D46DE8}") = "communication", "communication", "{EEBDD81C-6FED-45DC-84A7-2A1CF00C4620}"
EndProject
Project("{9A19103F-16F7-4668-BE54-9A1E7A4F7556}") = "CommunicationAPI", "src\communication\CommunicationAPI\CommunicationAPI.csproj", "{1D68ACF0-7BC6-4D5A-892B-E49AC1D5DDE6}"
EndProject
Project("{9A19103F-16F7-4668-BE54-9A1E7A4F7556}") = "Core", "src\Core\Core.csproj", "{82055685-B78A-45BA-89E8-878760EF798D}"
EndProject
Project("{9A19103F-16F7-4668-BE54-9A1E7A4F7556}") = "Business", "src\Business\Business.csproj", "{BBFE288B-0316-48DD-9432-7DFF535A885D}"
EndProject
Project("{9A19103F-16F7-4668-BE54-9A1E7A4F7556}") = "DTOs", "src\DTOs\DTOs.csproj", "{18C9FB2B-7660-4C6D-B7AE-7894DCA479FA}"
EndProject
Project("{2150E333-8FDC-42A3-9474-1A3956D46DE8}") = "email", "email", "{77CFE552-47AE-4B5A-B3C0-F58CE6AD45FB}"
EndProject
Project("{9A19103F-16F7-4668-BE54-9A1E7A4F7556}") = "EmailAPI", "src\email\EmailAPI\EmailAPI.csproj", "{215AB9BD-EE01-43AA-B0BA-36ECC16F4762}"
EndProject
Project("{2150E333-8FDC-42A3-9474-1A3956D46DE8}") = "exchange", "exchange", "{E795B158-E3A2-4994-B329-18E864A7A20E}"
EndProject
Project("{9A19103F-16F7-4668-BE54-9A1E7A4F7556}") = "ExchangeAPI", "src\exchange\ExchangeAPI\ExchangeAPI.csproj", "{A7E4D559-4DD1-4357-8D7C-BD2B952548BE}"
EndProject
Project("{2150E333-8FDC-42A3-9474-1A3956D46DE8}") = "translation", "translation", "{5A9CA9B4-270F-4451-B897-5F075DC95768}"
EndProject
Project("{9A19103F-16F7-4668-BE54-9A1E7A4F7556}") = "TranslationAPI", "src\translation\TranslationAPI\TranslationAPI.csproj", "{58C8F857-B668-4150-AFE9-487FFBE788AB}"
EndProject
Project("{2150E333-8FDC-42A3-9474-1A3956D46DE8}") = "newyorkTimes", "newyorkTimes", "{247DD2DB-6401-40CE-A7C4-144B4CC167B4}"
EndProject
Project("{FAE04EC0-301F-11D3-BF4B-00C04F79EFBC}") = "NewyorkTimes.API", "src\newyorkTimes\NewyorkTimes.API\NewyorkTimes.API.csproj", "{7B9F1A38-77B4-4A72-B2ED-D38CA9F121AE}"
EndProject
Global
	GlobalSection(SolutionConfigurationPlatforms) = preSolution
		Debug|Any CPU = Debug|Any CPU
		Release|Any CPU = Release|Any CPU
	EndGlobalSection
	GlobalSection(ProjectConfigurationPlatforms) = postSolution
		{1D68ACF0-7BC6-4D5A-892B-E49AC1D5DDE6}.Debug|Any CPU.ActiveCfg = Debug|Any CPU
		{1D68ACF0-7BC6-4D5A-892B-E49AC1D5DDE6}.Debug|Any CPU.Build.0 = Debug|Any CPU
		{1D68ACF0-7BC6-4D5A-892B-E49AC1D5DDE6}.Release|Any CPU.ActiveCfg = Release|Any CPU
		{1D68ACF0-7BC6-4D5A-892B-E49AC1D5DDE6}.Release|Any CPU.Build.0 = Release|Any CPU
		{82055685-B78A-45BA-89E8-878760EF798D}.Debug|Any CPU.ActiveCfg = Debug|Any CPU
		{82055685-B78A-45BA-89E8-878760EF798D}.Debug|Any CPU.Build.0 = Debug|Any CPU
		{82055685-B78A-45BA-89E8-878760EF798D}.Release|Any CPU.ActiveCfg = Release|Any CPU
		{82055685-B78A-45BA-89E8-878760EF798D}.Release|Any CPU.Build.0 = Release|Any CPU
		{BBFE288B-0316-48DD-9432-7DFF535A885D}.Debug|Any CPU.ActiveCfg = Debug|Any CPU
		{BBFE288B-0316-48DD-9432-7DFF535A885D}.Debug|Any CPU.Build.0 = Debug|Any CPU
		{BBFE288B-0316-48DD-9432-7DFF535A885D}.Release|Any CPU.ActiveCfg = Release|Any CPU
		{BBFE288B-0316-48DD-9432-7DFF535A885D}.Release|Any CPU.Build.0 = Release|Any CPU
		{18C9FB2B-7660-4C6D-B7AE-7894DCA479FA}.Debug|Any CPU.ActiveCfg = Debug|Any CPU
		{18C9FB2B-7660-4C6D-B7AE-7894DCA479FA}.Debug|Any CPU.Build.0 = Debug|Any CPU
		{18C9FB2B-7660-4C6D-B7AE-7894DCA479FA}.Release|Any CPU.ActiveCfg = Release|Any CPU
		{18C9FB2B-7660-4C6D-B7AE-7894DCA479FA}.Release|Any CPU.Build.0 = Release|Any CPU
		{215AB9BD-EE01-43AA-B0BA-36ECC16F4762}.Debug|Any CPU.ActiveCfg = Debug|Any CPU
		{215AB9BD-EE01-43AA-B0BA-36ECC16F4762}.Debug|Any CPU.Build.0 = Debug|Any CPU
		{215AB9BD-EE01-43AA-B0BA-36ECC16F4762}.Release|Any CPU.ActiveCfg = Release|Any CPU
		{215AB9BD-EE01-43AA-B0BA-36ECC16F4762}.Release|Any CPU.Build.0 = Release|Any CPU
		{A7E4D559-4DD1-4357-8D7C-BD2B952548BE}.Debug|Any CPU.ActiveCfg = Debug|Any CPU
		{A7E4D559-4DD1-4357-8D7C-BD2B952548BE}.Debug|Any CPU.Build.0 = Debug|Any CPU
		{A7E4D559-4DD1-4357-8D7C-BD2B952548BE}.Release|Any CPU.ActiveCfg = Release|Any CPU
		{A7E4D559-4DD1-4357-8D7C-BD2B952548BE}.Release|Any CPU.Build.0 = Release|Any CPU
		{58C8F857-B668-4150-AFE9-487FFBE788AB}.Debug|Any CPU.ActiveCfg = Debug|Any CPU
		{58C8F857-B668-4150-AFE9-487FFBE788AB}.Debug|Any CPU.Build.0 = Debug|Any CPU
		{58C8F857-B668-4150-AFE9-487FFBE788AB}.Release|Any CPU.ActiveCfg = Release|Any CPU
		{58C8F857-B668-4150-AFE9-487FFBE788AB}.Release|Any CPU.Build.0 = Release|Any CPU
		{7B9F1A38-77B4-4A72-B2ED-D38CA9F121AE}.Debug|Any CPU.ActiveCfg = Debug|Any CPU
		{7B9F1A38-77B4-4A72-B2ED-D38CA9F121AE}.Debug|Any CPU.Build.0 = Debug|Any CPU
		{7B9F1A38-77B4-4A72-B2ED-D38CA9F121AE}.Release|Any CPU.ActiveCfg = Release|Any CPU
		{7B9F1A38-77B4-4A72-B2ED-D38CA9F121AE}.Release|Any CPU.Build.0 = Release|Any CPU
	EndGlobalSection
	GlobalSection(SolutionProperties) = preSolution
		HideSolutionNode = FALSE
	EndGlobalSection
	GlobalSection(NestedProjects) = preSolution
		{EEBDD81C-6FED-45DC-84A7-2A1CF00C4620} = {F9AD8DDC-81F6-4676-847C-36C0D49C2E59}
		{1D68ACF0-7BC6-4D5A-892B-E49AC1D5DDE6} = {EEBDD81C-6FED-45DC-84A7-2A1CF00C4620}
		{82055685-B78A-45BA-89E8-878760EF798D} = {F9AD8DDC-81F6-4676-847C-36C0D49C2E59}
		{BBFE288B-0316-48DD-9432-7DFF535A885D} = {F9AD8DDC-81F6-4676-847C-36C0D49C2E59}
		{18C9FB2B-7660-4C6D-B7AE-7894DCA479FA} = {F9AD8DDC-81F6-4676-847C-36C0D49C2E59}
		{77CFE552-47AE-4B5A-B3C0-F58CE6AD45FB} = {F9AD8DDC-81F6-4676-847C-36C0D49C2E59}
		{215AB9BD-EE01-43AA-B0BA-36ECC16F4762} = {77CFE552-47AE-4B5A-B3C0-F58CE6AD45FB}
		{E795B158-E3A2-4994-B329-18E864A7A20E} = {F9AD8DDC-81F6-4676-847C-36C0D49C2E59}
		{A7E4D559-4DD1-4357-8D7C-BD2B952548BE} = {E795B158-E3A2-4994-B329-18E864A7A20E}
		{5A9CA9B4-270F-4451-B897-5F075DC95768} = {F9AD8DDC-81F6-4676-847C-36C0D49C2E59}
		{58C8F857-B668-4150-AFE9-487FFBE788AB} = {5A9CA9B4-270F-4451-B897-5F075DC95768}
		{247DD2DB-6401-40CE-A7C4-144B4CC167B4} = {F9AD8DDC-81F6-4676-847C-36C0D49C2E59}
		{7B9F1A38-77B4-4A72-B2ED-D38CA9F121AE} = {247DD2DB-6401-40CE-A7C4-144B4CC167B4}
	EndGlobalSection
	GlobalSection(ExtensibilityGlobals) = postSolution
		SolutionGuid = {CBD34221-BFD2-47A1-BA5B-63F2A8CC9F1F}
	EndGlobalSection
EndGlobal
